// !$*UTF8*$!
{
	archiveVersion = 1;
	classes = {
	};
	objectVersion = 46;
	objects = {

/* Begin PBXBuildFile section */
		4B340789171A144A00C2217F /* Cocoa.framework in Frameworks */ = {isa = PBXBuildFile; fileRef = 4B340788171A144A00C2217F /* Cocoa.framework */; };
		4B340793171A144A00C2217F /* InfoPlist.strings in Resources */ = {isa = PBXBuildFile; fileRef = 4B340791171A144A00C2217F /* InfoPlist.strings */; };
		4B340795171A144A00C2217F /* main.m in Sources */ = {isa = PBXBuildFile; fileRef = 4B340794171A144A00C2217F /* main.m */; };
		4B340799171A144A00C2217F /* Credits.rtf in Resources */ = {isa = PBXBuildFile; fileRef = 4B340797171A144A00C2217F /* Credits.rtf */; };
		4B34079C171A144A00C2217F /* MPDocument.m in Sources */ = {isa = PBXBuildFile; fileRef = 4B34079B171A144A00C2217F /* MPDocument.m */; };
		4B34079F171A144A00C2217F /* MPDocument.xib in Resources */ = {isa = PBXBuildFile; fileRef = 4B34079D171A144A00C2217F /* MPDocument.xib */; };
		4B3407A2171A144A00C2217F /* MainMenu.xib in Resources */ = {isa = PBXBuildFile; fileRef = 4B3407A0171A144A00C2217F /* MainMenu.xib */; };
		4B3407AA171A144A00C2217F /* SenTestingKit.framework in Frameworks */ = {isa = PBXBuildFile; fileRef = 4B3407A9171A144A00C2217F /* SenTestingKit.framework */; };
		4B3407AB171A144A00C2217F /* Cocoa.framework in Frameworks */ = {isa = PBXBuildFile; fileRef = 4B340788171A144A00C2217F /* Cocoa.framework */; };
		4B3407B3171A144B00C2217F /* InfoPlist.strings in Resources */ = {isa = PBXBuildFile; fileRef = 4B3407B1171A144B00C2217F /* InfoPlist.strings */; };
		4B3407B6171A144B00C2217F /* MarkdownerTests.m in Sources */ = {isa = PBXBuildFile; fileRef = 4B3407B5171A144B00C2217F /* MarkdownerTests.m */; };
		4B3407C0171A149900C2217F /* OCDiscount.framework in Frameworks */ = {isa = PBXBuildFile; fileRef = 4B3407BF171A149900C2217F /* OCDiscount.framework */; };
		4B3407C1171A149900C2217F /* OCDiscount.framework in Frameworks */ = {isa = PBXBuildFile; fileRef = 4B3407BF171A149900C2217F /* OCDiscount.framework */; };
		4B3407C3171A14AA00C2217F /* OCDiscount.framework in CopyFiles */ = {isa = PBXBuildFile; fileRef = 4B3407BF171A149900C2217F /* OCDiscount.framework */; };
/* End PBXBuildFile section */

/* Begin PBXCopyFilesBuildPhase section */
		4B3407C2171A14A300C2217F /* CopyFiles */ = {
			isa = PBXCopyFilesBuildPhase;
			buildActionMask = 2147483647;
			dstPath = "";
			dstSubfolderSpec = 10;
			files = (
				4B3407C3171A14AA00C2217F /* OCDiscount.framework in CopyFiles */,
			);
			runOnlyForDeploymentPostprocessing = 0;
		};
/* End PBXCopyFilesBuildPhase section */

/* Begin PBXFileReference section */
		4B340785171A144A00C2217F /* Markdowner.app */ = {isa = PBXFileReference; explicitFileType = wrapper.application; includeInIndex = 0; path = Markdowner.app; sourceTree = BUILT_PRODUCTS_DIR; };
		4B340788171A144A00C2217F /* Cocoa.framework */ = {isa = PBXFileReference; lastKnownFileType = wrapper.framework; name = Cocoa.framework; path = System/Library/Frameworks/Cocoa.framework; sourceTree = SDKROOT; };
		4B340790171A144A00C2217F /* Markdowner-Info.plist */ = {isa = PBXFileReference; lastKnownFileType = text.plist.xml; path = "Markdowner-Info.plist"; sourceTree = "<group>"; };
		4B340792171A144A00C2217F /* en */ = {isa = PBXFileReference; lastKnownFileType = text.plist.strings; name = en; path = en.lproj/InfoPlist.strings; sourceTree = "<group>"; };
		4B340794171A144A00C2217F /* main.m */ = {isa = PBXFileReference; lastKnownFileType = sourcecode.c.objc; path = main.m; sourceTree = "<group>"; };
		4B340796171A144A00C2217F /* Markdowner-Prefix.pch */ = {isa = PBXFileReference; lastKnownFileType = sourcecode.c.h; path = "Markdowner-Prefix.pch"; sourceTree = "<group>"; };
		4B340798171A144A00C2217F /* en */ = {isa = PBXFileReference; lastKnownFileType = text.rtf; name = en; path = en.lproj/Credits.rtf; sourceTree = "<group>"; };
		4B34079A171A144A00C2217F /* MPDocument.h */ = {isa = PBXFileReference; lastKnownFileType = sourcecode.c.h; path = MPDocument.h; sourceTree = "<group>"; };
		4B34079B171A144A00C2217F /* MPDocument.m */ = {isa = PBXFileReference; lastKnownFileType = sourcecode.c.objc; path = MPDocument.m; sourceTree = "<group>"; };
		4B34079E171A144A00C2217F /* en */ = {isa = PBXFileReference; lastKnownFileType = file.xib; name = en; path = en.lproj/MPDocument.xib; sourceTree = "<group>"; };
		4B3407A1171A144A00C2217F /* en */ = {isa = PBXFileReference; lastKnownFileType = file.xib; name = en; path = en.lproj/MainMenu.xib; sourceTree = "<group>"; };
		4B3407A8171A144A00C2217F /* MarkdownerTests.octest */ = {isa = PBXFileReference; explicitFileType = wrapper.cfbundle; includeInIndex = 0; path = MarkdownerTests.octest; sourceTree = BUILT_PRODUCTS_DIR; };
		4B3407A9171A144A00C2217F /* SenTestingKit.framework */ = {isa = PBXFileReference; lastKnownFileType = wrapper.framework; name = SenTestingKit.framework; path = Library/Frameworks/SenTestingKit.framework; sourceTree = DEVELOPER_DIR; };
		4B3407B0171A144B00C2217F /* MarkdownerTests-Info.plist */ = {isa = PBXFileReference; lastKnownFileType = text.plist.xml; path = "MarkdownerTests-Info.plist"; sourceTree = "<group>"; };
		4B3407B2171A144B00C2217F /* en */ = {isa = PBXFileReference; lastKnownFileType = text.plist.strings; name = en; path = en.lproj/InfoPlist.strings; sourceTree = "<group>"; };
		4B3407B4171A144B00C2217F /* MarkdownerTests.h */ = {isa = PBXFileReference; lastKnownFileType = sourcecode.c.h; path = MarkdownerTests.h; sourceTree = "<group>"; };
		4B3407B5171A144B00C2217F /* MarkdownerTests.m */ = {isa = PBXFileReference; lastKnownFileType = sourcecode.c.objc; path = MarkdownerTests.m; sourceTree = "<group>"; };
		4B3407BF171A149900C2217F /* OCDiscount.framework */ = {isa = PBXFileReference; lastKnownFileType = wrapper.framework; name = OCDiscount.framework; path = Frameworks/OCDiscount.framework; sourceTree = "<group>"; };
/* End PBXFileReference section */

/* Begin PBXFrameworksBuildPhase section */
		4B340782171A144A00C2217F /* Frameworks */ = {
			isa = PBXFrameworksBuildPhase;
			buildActionMask = 2147483647;
			files = (
				4B340789171A144A00C2217F /* Cocoa.framework in Frameworks */,
				4B3407C0171A149900C2217F /* OCDiscount.framework in Frameworks */,
			);
			runOnlyForDeploymentPostprocessing = 0;
		};
		4B3407A4171A144A00C2217F /* Frameworks */ = {
			isa = PBXFrameworksBuildPhase;
			buildActionMask = 2147483647;
			files = (
				4B3407AA171A144A00C2217F /* SenTestingKit.framework in Frameworks */,
				4B3407AB171A144A00C2217F /* Cocoa.framework in Frameworks */,
				4B3407C1171A149900C2217F /* OCDiscount.framework in Frameworks */,
			);
			runOnlyForDeploymentPostprocessing = 0;
		};
/* End PBXFrameworksBuildPhase section */

/* Begin PBXGroup section */
		4B34077C171A144A00C2217F = {
			isa = PBXGroup;
			children = (
				4B34078E171A144A00C2217F /* Markdowner */,
				4B3407AE171A144B00C2217F /* MarkdownerTests */,
				4B340787171A144A00C2217F /* Frameworks */,
				4B340786171A144A00C2217F /* Products */,
			);
			sourceTree = "<group>";
		};
		4B340786171A144A00C2217F /* Products */ = {
			isa = PBXGroup;
			children = (
				4B340785171A144A00C2217F /* Markdowner.app */,
				4B3407A8171A144A00C2217F /* MarkdownerTests.octest */,
			);
			name = Products;
			sourceTree = "<group>";
		};
		4B340787171A144A00C2217F /* Frameworks */ = {
			isa = PBXGroup;
			children = (
				4B3407BF171A149900C2217F /* OCDiscount.framework */,
				4B340788171A144A00C2217F /* Cocoa.framework */,
				4B3407A9171A144A00C2217F /* SenTestingKit.framework */,
			);
			name = Frameworks;
			sourceTree = "<group>";
		};
		4B34078E171A144A00C2217F /* Markdowner */ = {
			isa = PBXGroup;
			children = (
				4B34079A171A144A00C2217F /* MPDocument.h */,
				4B34079B171A144A00C2217F /* MPDocument.m */,
				4B34079D171A144A00C2217F /* MPDocument.xib */,
				4B3407A0171A144A00C2217F /* MainMenu.xib */,
				4B34078F171A144A00C2217F /* Supporting Files */,
			);
			path = Markdowner;
			sourceTree = "<group>";
		};
		4B34078F171A144A00C2217F /* Supporting Files */ = {
			isa = PBXGroup;
			children = (
				4B340790171A144A00C2217F /* Markdowner-Info.plist */,
				4B340791171A144A00C2217F /* InfoPlist.strings */,
				4B340794171A144A00C2217F /* main.m */,
				4B340796171A144A00C2217F /* Markdowner-Prefix.pch */,
				4B340797171A144A00C2217F /* Credits.rtf */,
			);
			name = "Supporting Files";
			sourceTree = "<group>";
		};
		4B3407AE171A144B00C2217F /* MarkdownerTests */ = {
			isa = PBXGroup;
			children = (
				4B3407B4171A144B00C2217F /* MarkdownerTests.h */,
				4B3407B5171A144B00C2217F /* MarkdownerTests.m */,
				4B3407AF171A144B00C2217F /* Supporting Files */,
			);
			path = MarkdownerTests;
			sourceTree = "<group>";
		};
		4B3407AF171A144B00C2217F /* Supporting Files */ = {
			isa = PBXGroup;
			children = (
				4B3407B0171A144B00C2217F /* MarkdownerTests-Info.plist */,
				4B3407B1171A144B00C2217F /* InfoPlist.strings */,
			);
			name = "Supporting Files";
			sourceTree = "<group>";
		};
/* End PBXGroup section */

/* Begin PBXNativeTarget section */
		4B340784171A144A00C2217F /* Markdowner */ = {
			isa = PBXNativeTarget;
			buildConfigurationList = 4B3407B9171A144B00C2217F /* Build configuration list for PBXNativeTarget "Markdowner" */;
			buildPhases = (
				4B340781171A144A00C2217F /* Sources */,
				4B340782171A144A00C2217F /* Frameworks */,
				4B340783171A144A00C2217F /* Resources */,
				4B3407C2171A14A300C2217F /* CopyFiles */,
			);
			buildRules = (
			);
			dependencies = (
			);
			name = Markdowner;
			productName = Markdowner;
			productReference = 4B340785171A144A00C2217F /* Markdowner.app */;
			productType = "com.apple.product-type.application";
		};
		4B3407A7171A144A00C2217F /* MarkdownerTests */ = {
			isa = PBXNativeTarget;
			buildConfigurationList = 4B3407BC171A144B00C2217F /* Build configuration list for PBXNativeTarget "MarkdownerTests" */;
			buildPhases = (
				4B3407A3171A144A00C2217F /* Sources */,
				4B3407A4171A144A00C2217F /* Frameworks */,
				4B3407A5171A144A00C2217F /* Resources */,
				4B3407A6171A144A00C2217F /* ShellScript */,
			);
			buildRules = (
			);
			dependencies = (
			);
			name = MarkdownerTests;
			productName = MarkdownerTests;
			productReference = 4B3407A8171A144A00C2217F /* MarkdownerTests.octest */;
			productType = "com.apple.product-type.bundle";
		};
/* End PBXNativeTarget section */

/* Begin PBXProject section */
		4B34077D171A144A00C2217F /* Project object */ = {
			isa = PBXProject;
			attributes = {
				CLASSPREFIX = MP;
				LastUpgradeCheck = 0460;
				ORGANIZATIONNAME = "Tae Won Ha";
			};
			buildConfigurationList = 4B340780171A144A00C2217F /* Build configuration list for PBXProject "Markdowner" */;
			compatibilityVersion = "Xcode 3.2";
			developmentRegion = English;
			hasScannedForEncodings = 0;
			knownRegions = (
				en,
			);
			mainGroup = 4B34077C171A144A00C2217F;
			productRefGroup = 4B340786171A144A00C2217F /* Products */;
			projectDirPath = "";
			projectRoot = "";
			targets = (
				4B340784171A144A00C2217F /* Markdowner */,
				4B3407A7171A144A00C2217F /* MarkdownerTests */,
			);
		};
/* End PBXProject section */

/* Begin PBXResourcesBuildPhase section */
		4B340783171A144A00C2217F /* Resources */ = {
			isa = PBXResourcesBuildPhase;
			buildActionMask = 2147483647;
			files = (
				4B340793171A144A00C2217F /* InfoPlist.strings in Resources */,
				4B340799171A144A00C2217F /* Credits.rtf in Resources */,
				4B34079F171A144A00C2217F /* MPDocument.xib in Resources */,
				4B3407A2171A144A00C2217F /* MainMenu.xib in Resources */,
			);
			runOnlyForDeploymentPostprocessing = 0;
		};
		4B3407A5171A144A00C2217F /* Resources */ = {
			isa = PBXResourcesBuildPhase;
			buildActionMask = 2147483647;
			files = (
				4B3407B3171A144B00C2217F /* InfoPlist.strings in Resources */,
			);
			runOnlyForDeploymentPostprocessing = 0;
		};
/* End PBXResourcesBuildPhase section */

/* Begin PBXShellScriptBuildPhase section */
		4B3407A6171A144A00C2217F /* ShellScript */ = {
			isa = PBXShellScriptBuildPhase;
			buildActionMask = 2147483647;
			files = (
			);
			inputPaths = (
			);
			outputPaths = (
			);
			runOnlyForDeploymentPostprocessing = 0;
			shellPath = /bin/sh;
			shellScript = "# Run the unit tests in this test bundle.\n\"${SYSTEM_DEVELOPER_DIR}/Tools/RunUnitTests\"\n";
		};
/* End PBXShellScriptBuildPhase section */

/* Begin PBXSourcesBuildPhase section */
		4B340781171A144A00C2217F /* Sources */ = {
			isa = PBXSourcesBuildPhase;
			buildActionMask = 2147483647;
			files = (
				4B340795171A144A00C2217F /* main.m in Sources */,
				4B34079C171A144A00C2217F /* MPDocument.m in Sources */,
			);
			runOnlyForDeploymentPostprocessing = 0;
		};
		4B3407A3171A144A00C2217F /* Sources */ = {
			isa = PBXSourcesBuildPhase;
			buildActionMask = 2147483647;
			files = (
				4B3407B6171A144B00C2217F /* MarkdownerTests.m in Sources */,
			);
			runOnlyForDeploymentPostprocessing = 0;
		};
/* End PBXSourcesBuildPhase section */

/* Begin PBXVariantGroup section */
		4B340791171A144A00C2217F /* InfoPlist.strings */ = {
			isa = PBXVariantGroup;
			children = (
				4B340792171A144A00C2217F /* en */,
			);
			name = InfoPlist.strings;
			sourceTree = "<group>";
		};
		4B340797171A144A00C2217F /* Credits.rtf */ = {
			isa = PBXVariantGroup;
			children = (
				4B340798171A144A00C2217F /* en */,
			);
			name = Credits.rtf;
			sourceTree = "<group>";
		};
		4B34079D171A144A00C2217F /* MPDocument.xib */ = {
			isa = PBXVariantGroup;
			children = (
				4B34079E171A144A00C2217F /* en */,
			);
			name = MPDocument.xib;
			sourceTree = "<group>";
		};
		4B3407A0171A144A00C2217F /* MainMenu.xib */ = {
			isa = PBXVariantGroup;
			children = (
				4B3407A1171A144A00C2217F /* en */,
			);
			name = MainMenu.xib;
			sourceTree = "<group>";
		};
		4B3407B1171A144B00C2217F /* InfoPlist.strings */ = {
			isa = PBXVariantGroup;
			children = (
				4B3407B2171A144B00C2217F /* en */,
			);
			name = InfoPlist.strings;
			sourceTree = "<group>";
		};
/* End PBXVariantGroup section */

/* Begin XCBuildConfiguration section */
		4B3407B7171A144B00C2217F /* Debug */ = {
			isa = XCBuildConfiguration;
			buildSettings = {
				ALWAYS_SEARCH_USER_PATHS = NO;
				ARCHS = "$(ARCHS_STANDARD_64_BIT)";
				CLANG_CXX_LANGUAGE_STANDARD = "gnu++0x";
				CLANG_CXX_LIBRARY = "libc++";
				CLANG_ENABLE_OBJC_ARC = YES;
				CLANG_WARN_CONSTANT_CONVERSION = YES;
				CLANG_WARN_EMPTY_BODY = YES;
				CLANG_WARN_ENUM_CONVERSION = YES;
				CLANG_WARN_INT_CONVERSION = YES;
				CLANG_WARN__DUPLICATE_METHOD_MATCH = YES;
				COPY_PHASE_STRIP = NO;
				GCC_C_LANGUAGE_STANDARD = gnu99;
				GCC_DYNAMIC_NO_PIC = NO;
				GCC_ENABLE_OBJC_EXCEPTIONS = YES;
				GCC_OPTIMIZATION_LEVEL = 0;
				GCC_PREPROCESSOR_DEFINITIONS = (
					"DEBUG=1",
					"$(inherited)",
				);
				GCC_SYMBOLS_PRIVATE_EXTERN = NO;
				GCC_WARN_64_TO_32_BIT_CONVERSION = YES;
				GCC_WARN_ABOUT_RETURN_TYPE = YES;
				GCC_WARN_UNINITIALIZED_AUTOS = YES;
				GCC_WARN_UNUSED_VARIABLE = YES;
				MACOSX_DEPLOYMENT_TARGET = 10.8;
				ONLY_ACTIVE_ARCH = YES;
				SDKROOT = macosx;
				VALID_ARCHS = x86_64;
			};
			name = Debug;
		};
		4B3407B8171A144B00C2217F /* Release */ = {
			isa = XCBuildConfiguration;
			buildSettings = {
				ALWAYS_SEARCH_USER_PATHS = NO;
				ARCHS = "$(ARCHS_STANDARD_64_BIT)";
				CLANG_CXX_LANGUAGE_STANDARD = "gnu++0x";
				CLANG_CXX_LIBRARY = "libc++";
				CLANG_ENABLE_OBJC_ARC = YES;
				CLANG_WARN_CONSTANT_CONVERSION = YES;
				CLANG_WARN_EMPTY_BODY = YES;
				CLANG_WARN_ENUM_CONVERSION = YES;
				CLANG_WARN_INT_CONVERSION = YES;
				CLANG_WARN__DUPLICATE_METHOD_MATCH = YES;
				COPY_PHASE_STRIP = YES;
				DEBUG_INFORMATION_FORMAT = "dwarf-with-dsym";
				GCC_C_LANGUAGE_STANDARD = gnu99;
				GCC_ENABLE_OBJC_EXCEPTIONS = YES;
				GCC_WARN_64_TO_32_BIT_CONVERSION = YES;
				GCC_WARN_ABOUT_RETURN_TYPE = YES;
				GCC_WARN_UNINITIALIZED_AUTOS = YES;
				GCC_WARN_UNUSED_VARIABLE = YES;
				MACOSX_DEPLOYMENT_TARGET = 10.8;
				SDKROOT = macosx;
				VALID_ARCHS = x86_64;
			};
			name = Release;
		};
		4B3407BA171A144B00C2217F /* Debug */ = {
			isa = XCBuildConfiguration;
			buildSettings = {
				COMBINE_HIDPI_IMAGES = YES;
				FRAMEWORK_SEARCH_PATHS = (
					"$(inherited)",
					"\"$(SRCROOT)/Frameworks\"",
				);
				GCC_PRECOMPILE_PREFIX_HEADER = YES;
				GCC_PREFIX_HEADER = "Markdowner/Markdowner-Prefix.pch";
				INFOPLIST_FILE = "Markdowner/Markdowner-Info.plist";
				PRODUCT_NAME = "$(TARGET_NAME)";
				WRAPPER_EXTENSION = app;
			};
			name = Debug;
		};
		4B3407BB171A144B00C2217F /* Release */ = {
			isa = XCBuildConfiguration;
			buildSettings = {
				COMBINE_HIDPI_IMAGES = YES;
				FRAMEWORK_SEARCH_PATHS = (
					"$(inherited)",
					"\"$(SRCROOT)/Frameworks\"",
				);
				GCC_PRECOMPILE_PREFIX_HEADER = YES;
				GCC_PREFIX_HEADER = "Markdowner/Markdowner-Prefix.pch";
				INFOPLIST_FILE = "Markdowner/Markdowner-Info.plist";
				PRODUCT_NAME = "$(TARGET_NAME)";
				WRAPPER_EXTENSION = app;
			};
			name = Release;
		};
		4B3407BD171A144B00C2217F /* Debug */ = {
			isa = XCBuildConfiguration;
			buildSettings = {
				COMBINE_HIDPI_IMAGES = YES;
				FRAMEWORK_SEARCH_PATHS = (
					"\"$(DEVELOPER_LIBRARY_DIR)/Frameworks\"",
					"\"$(SRCROOT)/Frameworks\"",
				);
				GCC_PRECOMPILE_PREFIX_HEADER = YES;
				GCC_PREFIX_HEADER = "Markdowner/Markdowner-Prefix.pch";
				INFOPLIST_FILE = "MarkdownerTests/MarkdownerTests-Info.plist";
				PRODUCT_NAME = "$(TARGET_NAME)";
				WRAPPER_EXTENSION = octest;
			};
			name = Debug;
		};
		4B3407BE171A144B00C2217F /* Release */ = {
			isa = XCBuildConfiguration;
			buildSettings = {
				COMBINE_HIDPI_IMAGES = YES;
				FRAMEWORK_SEARCH_PATHS = (
					"\"$(DEVELOPER_LIBRARY_DIR)/Frameworks\"",
					"\"$(SRCROOT)/Frameworks\"",
				);
				GCC_PRECOMPILE_PREFIX_HEADER = YES;
				GCC_PREFIX_HEADER = "Markdowner/Markdowner-Prefix.pch";
				INFOPLIST_FILE = "MarkdownerTests/MarkdownerTests-Info.plist";
				PRODUCT_NAME = "$(TARGET_NAME)";
				WRAPPER_EXTENSION = octest;
			};
			name = Release;
		};
/* End XCBuildConfiguration section */

/* Begin XCConfigurationList section */
		4B340780171A144A00C2217F /* Build configuration list for PBXProject "Markdowner" */ = {
			isa = XCConfigurationList;
			buildConfigurations = (
				4B3407B7171A144B00C2217F /* Debug */,
				4B3407B8171A144B00C2217F /* Release */,
			);
			defaultConfigurationIsVisible = 0;
			defaultConfigurationName = Release;
		};
		4B3407B9171A144B00C2217F /* Build configuration list for PBXNativeTarget "Markdowner" */ = {
			isa = XCConfigurationList;
			buildConfigurations = (
				4B3407BA171A144B00C2217F /* Debug */,
				4B3407BB171A144B00C2217F /* Release */,
			);
			defaultConfigurationIsVisible = 0;
		};
		4B3407BC171A144B00C2217F /* Build configuration list for PBXNativeTarget "MarkdownerTests" */ = {
			isa = XCConfigurationList;
			buildConfigurations = (
				4B3407BD171A144B00C2217F /* Debug */,
				4B3407BE171A144B00C2217F /* Release */,
			);
			defaultConfigurationIsVisible = 0;
		};
/* End XCConfigurationList section */
	};
	rootObject = 4B34077D171A144A00C2217F /* Project object */;
}
